
Microsoft Visual Studio Solution File, Format Version 12.00
# Visual Studio Version 17
VisualStudioVersion = 17.6.33801.468
MinimumVisualStudioVersion = 10.0.40219.1
Project("{FAE04EC0-301F-11D3-BF4B-00C04F79EFBC}") = "Weekday", "Weekday\Weekday.csproj", "{98DC1A86-AC35-4B03-8D96-0E012E124FA8}"
EndProject
Global
	GlobalSection(SolutionConfigurationPlatforms) = preSolution
		Debug|Any CPU = Debug|Any CPU
		Release|Any CPU = Release|Any CPU
	EndGlobalSection
	GlobalSection(ProjectConfigurationPlatforms) = postSolution
		{98DC1A86-AC35-4B03-8D96-0E012E124FA8}.Debug|Any CPU.ActiveCfg = Debug|Any CPU
		{98DC1A86-AC35-4B03-8D96-0E012E124FA8}.Debug|Any CPU.Build.0 = Debug|Any CPU
		{98DC1A86-AC35-4B03-8D96-0E012E124FA8}.Release|Any CPU.ActiveCfg = Release|Any CPU
		{98DC1A86-AC35-4B03-8D96-0E012E124FA8}.Release|Any CPU.Build.0 = Release|Any CPU
	EndGlobalSection
	GlobalSection(SolutionProperties) = preSolution
		HideSolutionNode = FALSE
	EndGlobalSection
	GlobalSection(ExtensibilityGlobals) = postSolution
		SolutionGuid = {F9F8E4EB-F630-492C-9BF1-89B8B90EBA3E}
	EndGlobalSection
EndGlobal
